// !$*UTF8*$!
{
	archiveVersion = 1;
	classes = {
	};
	objectVersion = 77;
	objects = {

/* Begin PBXBuildFile section */
		4D0CF9B42E90695E0084BD79 /* FirebaseAI in Frameworks */ = {isa = PBXBuildFile; productRef = 4D0CF9B32E90695E0084BD79 /* FirebaseAI */; };
		4D0CF9B62E90695E0084BD79 /* FirebaseAnalytics in Frameworks */ = {isa = PBXBuildFile; productRef = 4D0CF9B52E90695E0084BD79 /* FirebaseAnalytics */; };
		4D0CF9B82E90695E0084BD79 /* FirebaseAnalyticsCore in Frameworks */ = {isa = PBXBuildFile; productRef = 4D0CF9B72E90695E0084BD79 /* FirebaseAnalyticsCore */; };
		4D0CF9BA2E90695E0084BD79 /* FirebaseAnalyticsIdentitySupport in Frameworks */ = {isa = PBXBuildFile; productRef = 4D0CF9B92E90695E0084BD79 /* FirebaseAnalyticsIdentitySupport */; };
		4D0CF9BC2E90695E0084BD79 /* FirebaseAppCheck in Frameworks */ = {isa = PBXBuildFile; productRef = 4D0CF9BB2E90695E0084BD79 /* FirebaseAppCheck */; };
		4D0CF9BF2E90696E0084BD79 /* GoogleSignIn in Frameworks */ = {isa = PBXBuildFile; productRef = 4D0CF9BE2E90696E0084BD79 /* GoogleSignIn */; };
		4D0CF9C12E90696E0084BD79 /* GoogleSignInSwift in Frameworks */ = {isa = PBXBuildFile; productRef = 4D0CF9C02E90696E0084BD79 /* GoogleSignInSwift */; };
		4D0CF9C52E906C100084BD79 /* FirebaseAuth in Frameworks */ = {isa = PBXBuildFile; productRef = 4D0CF9C42E906C100084BD79 /* FirebaseAuth */; };
		4D0CF9D42E9071FC0084BD79 /* FirebaseFirestore in Frameworks */ = {isa = PBXBuildFile; productRef = 4D0CF9D32E9071FC0084BD79 /* FirebaseFirestore */; };
		4D0CFA212E90D7680084BD79 /* GoogleGenerativeAI in Frameworks */ = {isa = PBXBuildFile; productRef = 4D0CFA202E90D7680084BD79 /* GoogleGenerativeAI */; };
		4D0E18A92E91EFE7007DE9B3 /* FirebaseStorage in Frameworks */ = {isa = PBXBuildFile; productRef = 4D0E18A82E91EFE7007DE9B3 /* FirebaseStorage */; };
		4D0E18AB2E91EFE7007DE9B3 /* FirebaseStorageCombine-Community in Frameworks */ = {isa = PBXBuildFile; productRef = 4D0E18AA2E91EFE7007DE9B3 /* FirebaseStorageCombine-Community */; };
		4D36A1532E9D61920023E6A6 /* FirebaseInAppMessaging-Beta in Frameworks */ = {isa = PBXBuildFile; productRef = 4D36A1522E9D61920023E6A6 /* FirebaseInAppMessaging-Beta */; };
		4D36A1552E9D61920023E6A6 /* FirebaseMessaging in Frameworks */ = {isa = PBXBuildFile; productRef = 4D36A1542E9D61920023E6A6 /* FirebaseMessaging */; };
/* End PBXBuildFile section */

/* Begin PBXFileReference section */
		4DD34CCE2E8F0DFD00C8E63D /* Campusmealsv2.app */ = {isa = PBXFileReference; explicitFileType = wrapper.application; includeInIndex = 0; path = Campusmealsv2.app; sourceTree = BUILT_PRODUCTS_DIR; };
/* End PBXFileReference section */

/* Begin PBXFileSystemSynchronizedBuildFileExceptionSet section */
		4DD34CFA2E8F14D800C8E63D /* Exceptions for "Campusmealsv2" folder in "Campusmealsv2" target */ = {
			isa = PBXFileSystemSynchronizedBuildFileExceptionSet;
			membershipExceptions = (
				Info.plist,
			);
			target = 4DD34CCD2E8F0DFC00C8E63D /* Campusmealsv2 */;
		};
/* End PBXFileSystemSynchronizedBuildFileExceptionSet section */

/* Begin PBXFileSystemSynchronizedRootGroup section */
		4DD34CD02E8F0DFD00C8E63D /* Campusmealsv2 */ = {
			isa = PBXFileSystemSynchronizedRootGroup;
			exceptions = (
				4DD34CFA2E8F14D800C8E63D /* Exceptions for "Campusmealsv2" folder in "Campusmealsv2" target */,
			);
			path = Campusmealsv2;
			sourceTree = "<group>";
		};
/* End PBXFileSystemSynchronizedRootGroup section */

/* Begin PBXFrameworksBuildPhase section */
		4DD34CCB2E8F0DFC00C8E63D /* Frameworks */ = {
			isa = PBXFrameworksBuildPhase;
			buildActionMask = 2147483647;
			files = (
				4D36A1532E9D61920023E6A6 /* FirebaseInAppMessaging-Beta in Frameworks */,
				4D0CF9BA2E90695E0084BD79 /* FirebaseAnalyticsIdentitySupport in Frameworks */,
				4D36A1552E9D61920023E6A6 /* FirebaseMessaging in Frameworks */,
				4D0CF9B62E90695E0084BD79 /* FirebaseAnalytics in Frameworks */,
				4D0CF9C12E90696E0084BD79 /* GoogleSignInSwift in Frameworks */,
				4D0CF9B82E90695E0084BD79 /* FirebaseAnalyticsCore in Frameworks */,
				4D0CF9BC2E90695E0084BD79 /* FirebaseAppCheck in Frameworks */,
				4D0CFA212E90D7680084BD79 /* GoogleGenerativeAI in Frameworks */,
				4D0CF9D42E9071FC0084BD79 /* FirebaseFirestore in Frameworks */,
				4D0CF9B42E90695E0084BD79 /* FirebaseAI in Frameworks */,
				4D0E18A92E91EFE7007DE9B3 /* FirebaseStorage in Frameworks */,
				4D0CF9BF2E90696E0084BD79 /* GoogleSignIn in Frameworks */,
				4D0E18AB2E91EFE7007DE9B3 /* FirebaseStorageCombine-Community in Frameworks */,
				4D0CF9C52E906C100084BD79 /* FirebaseAuth in Frameworks */,
			);
			runOnlyForDeploymentPostprocessing = 0;
		};
/* End PBXFrameworksBuildPhase section */

/* Begin PBXGroup section */
		4DD34CC52E8F0DFC00C8E63D = {
			isa = PBXGroup;
			children = (
				4DD34CD02E8F0DFD00C8E63D /* Campusmealsv2 */,
				4DD34CCF2E8F0DFD00C8E63D /* Products */,
			);
			sourceTree = "<group>";
		};
		4DD34CCF2E8F0DFD00C8E63D /* Products */ = {
			isa = PBXGroup;
			children = (
				4DD34CCE2E8F0DFD00C8E63D /* Campusmealsv2.app */,
			);
			name = Products;
			sourceTree = "<group>";
		};
/* End PBXGroup section */

/* Begin PBXNativeTarget section */
		4DD34CCD2E8F0DFC00C8E63D /* Campusmealsv2 */ = {
			isa = PBXNativeTarget;
			buildConfigurationList = 4DD34CDB2E8F0DFE00C8E63D /* Build configuration list for PBXNativeTarget "Campusmealsv2" */;
			buildPhases = (
				4DD34CCA2E8F0DFC00C8E63D /* Sources */,
				4DD34CCB2E8F0DFC00C8E63D /* Frameworks */,
				4DD34CCC2E8F0DFC00C8E63D /* Resources */,
			);
			buildRules = (
			);
			dependencies = (
			);
			fileSystemSynchronizedGroups = (
				4DD34CD02E8F0DFD00C8E63D /* Campusmealsv2 */,
			);
			name = Campusmealsv2;
			packageProductDependencies = (
				4D0CF9B32E90695E0084BD79 /* FirebaseAI */,
				4D0CF9B52E90695E0084BD79 /* FirebaseAnalytics */,
				4D0CF9B72E90695E0084BD79 /* FirebaseAnalyticsCore */,
				4D0CF9B92E90695E0084BD79 /* FirebaseAnalyticsIdentitySupport */,
				4D0CF9BB2E90695E0084BD79 /* FirebaseAppCheck */,
				4D0CF9BE2E90696E0084BD79 /* GoogleSignIn */,
				4D0CF9C02E90696E0084BD79 /* GoogleSignInSwift */,
				4D0CF9C42E906C100084BD79 /* FirebaseAuth */,
				4D0CF9D32E9071FC0084BD79 /* FirebaseFirestore */,
				4D0CFA202E90D7680084BD79 /* GoogleGenerativeAI */,
				4D0E18A82E91EFE7007DE9B3 /* FirebaseStorage */,
				4D0E18AA2E91EFE7007DE9B3 /* FirebaseStorageCombine-Community */,
				4D36A1522E9D61920023E6A6 /* FirebaseInAppMessaging-Beta */,
				4D36A1542E9D61920023E6A6 /* FirebaseMessaging */,
			);
			productName = Campusmealsv2;
			productReference = 4DD34CCE2E8F0DFD00C8E63D /* Campusmealsv2.app */;
			productType = "com.apple.product-type.application";
		};
/* End PBXNativeTarget section */

/* Begin PBXProject section */
		4DD34CC62E8F0DFC00C8E63D /* Project object */ = {
			isa = PBXProject;
			attributes = {
				BuildIndependentTargetsInParallel = 1;
				LastSwiftUpdateCheck = 1640;
				LastUpgradeCheck = 2600;
				TargetAttributes = {
					4DD34CCD2E8F0DFC00C8E63D = {
						CreatedOnToolsVersion = 16.4;
					};
				};
			};
			buildConfigurationList = 4DD34CC92E8F0DFC00C8E63D /* Build configuration list for PBXProject "Campusmealsv2" */;
			developmentRegion = en;
			hasScannedForEncodings = 0;
			knownRegions = (
				en,
				Base,
			);
			mainGroup = 4DD34CC52E8F0DFC00C8E63D;
			minimizedProjectReferenceProxies = 1;
			packageReferences = (
				4D0CF9B22E90695E0084BD79 /* XCRemoteSwiftPackageReference "firebase-ios-sdk" */,
				4D0CF9BD2E90696E0084BD79 /* XCRemoteSwiftPackageReference "GoogleSignIn-iOS" */,
				4D0CFA1F2E90D7680084BD79 /* XCRemoteSwiftPackageReference "generative-ai-swift" */,
			);
			preferredProjectObjectVersion = 77;
			productRefGroup = 4DD34CCF2E8F0DFD00C8E63D /* Products */;
			projectDirPath = "";
			projectRoot = "";
			targets = (
				4DD34CCD2E8F0DFC00C8E63D /* Campusmealsv2 */,
			);
		};
/* End PBXProject section */

/* Begin PBXResourcesBuildPhase section */
		4DD34CCC2E8F0DFC00C8E63D /* Resources */ = {
			isa = PBXResourcesBuildPhase;
			buildActionMask = 2147483647;
			files = (
			);
			runOnlyForDeploymentPostprocessing = 0;
		};
/* End PBXResourcesBuildPhase section */

/* Begin PBXSourcesBuildPhase section */
		4DD34CCA2E8F0DFC00C8E63D /* Sources */ = {
			isa = PBXSourcesBuildPhase;
			buildActionMask = 2147483647;
			files = (
			);
			runOnlyForDeploymentPostprocessing = 0;
		};
/* End PBXSourcesBuildPhase section */

/* Begin XCBuildConfiguration section */
		4DD34CD92E8F0DFE00C8E63D /* Debug */ = {
			isa = XCBuildConfiguration;
			buildSettings = {
				ALWAYS_SEARCH_USER_PATHS = NO;
				ASSETCATALOG_COMPILER_GENERATE_SWIFT_ASSET_SYMBOL_EXTENSIONS = YES;
				CLANG_ANALYZER_NONNULL = YES;
				CLANG_ANALYZER_NUMBER_OBJECT_CONVERSION = YES_AGGRESSIVE;
				CLANG_CXX_LANGUAGE_STANDARD = "gnu++20";
				CLANG_ENABLE_MODULES = YES;
				CLANG_ENABLE_OBJC_ARC = YES;
				CLANG_ENABLE_OBJC_WEAK = YES;
				CLANG_WARN_BLOCK_CAPTURE_AUTORELEASING = YES;
				CLANG_WARN_BOOL_CONVERSION = YES;
				CLANG_WARN_COMMA = YES;
				CLANG_WARN_CONSTANT_CONVERSION = YES;
				CLANG_WARN_DEPRECATED_OBJC_IMPLEMENTATIONS = YES;
				CLANG_WARN_DIRECT_OBJC_ISA_USAGE = YES_ERROR;
				CLANG_WARN_DOCUMENTATION_COMMENTS = YES;
				CLANG_WARN_EMPTY_BODY = YES;
				CLANG_WARN_ENUM_CONVERSION = YES;
				CLANG_WARN_INFINITE_RECURSION = YES;
				CLANG_WARN_INT_CONVERSION = YES;
				CLANG_WARN_NON_LITERAL_NULL_CONVERSION = YES;
				CLANG_WARN_OBJC_IMPLICIT_RETAIN_SELF = YES;
				CLANG_WARN_OBJC_LITERAL_CONVERSION = YES;
				CLANG_WARN_OBJC_ROOT_CLASS = YES_ERROR;
				CLANG_WARN_QUOTED_INCLUDE_IN_FRAMEWORK_HEADER = YES;
				CLANG_WARN_RANGE_LOOP_ANALYSIS = YES;
				CLANG_WARN_STRICT_PROTOTYPES = YES;
				CLANG_WARN_SUSPICIOUS_MOVE = YES;
				CLANG_WARN_UNGUARDED_AVAILABILITY = YES_AGGRESSIVE;
				CLANG_WARN_UNREACHABLE_CODE = YES;
				CLANG_WARN__DUPLICATE_METHOD_MATCH = YES;
				COPY_PHASE_STRIP = NO;
				DEBUG_INFORMATION_FORMAT = dwarf;
				DEVELOPMENT_TEAM = B36HK8643B;
				ENABLE_STRICT_OBJC_MSGSEND = YES;
				ENABLE_TESTABILITY = YES;
				ENABLE_USER_SCRIPT_SANDBOXING = YES;
				GCC_C_LANGUAGE_STANDARD = gnu17;
				GCC_DYNAMIC_NO_PIC = NO;
				GCC_NO_COMMON_BLOCKS = YES;
				GCC_OPTIMIZATION_LEVEL = 0;
				GCC_PREPROCESSOR_DEFINITIONS = (
					"DEBUG=1",
					"$(inherited)",
				);
				GCC_WARN_64_TO_32_BIT_CONVERSION = YES;
				GCC_WARN_ABOUT_RETURN_TYPE = YES_ERROR;
				GCC_WARN_UNDECLARED_SELECTOR = YES;
				GCC_WARN_UNINITIALIZED_AUTOS = YES_AGGRESSIVE;
				GCC_WARN_UNUSED_FUNCTION = YES;
				GCC_WARN_UNUSED_VARIABLE = YES;
				IPHONEOS_DEPLOYMENT_TARGET = 26.0;
				LOCALIZATION_PREFERS_STRING_CATALOGS = YES;
				MTL_ENABLE_DEBUG_INFO = INCLUDE_SOURCE;
				MTL_FAST_MATH = YES;
				ONLY_ACTIVE_ARCH = YES;
				SDKROOT = iphoneos;
				STRING_CATALOG_GENERATE_SYMBOLS = YES;
				SWIFT_ACTIVE_COMPILATION_CONDITIONS = "DEBUG $(inherited)";
				SWIFT_OPTIMIZATION_LEVEL = "-Onone";
			};
			name = Debug;
		};
		4DD34CDA2E8F0DFE00C8E63D /* Release */ = {
			isa = XCBuildConfiguration;
			buildSettings = {
				ALWAYS_SEARCH_USER_PATHS = NO;
				ASSETCATALOG_COMPILER_GENERATE_SWIFT_ASSET_SYMBOL_EXTENSIONS = YES;
				CLANG_ANALYZER_NONNULL = YES;
				CLANG_ANALYZER_NUMBER_OBJECT_CONVERSION = YES_AGGRESSIVE;
				CLANG_CXX_LANGUAGE_STANDARD = "gnu++20";
				CLANG_ENABLE_MODULES = YES;
				CLANG_ENABLE_OBJC_ARC = YES;
				CLANG_ENABLE_OBJC_WEAK = YES;
				CLANG_WARN_BLOCK_CAPTURE_AUTORELEASING = YES;
				CLANG_WARN_BOOL_CONVERSION = YES;
				CLANG_WARN_COMMA = YES;
				CLANG_WARN_CONSTANT_CONVERSION = YES;
				CLANG_WARN_DEPRECATED_OBJC_IMPLEMENTATIONS = YES;
				CLANG_WARN_DIRECT_OBJC_ISA_USAGE = YES_ERROR;
				CLANG_WARN_DOCUMENTATION_COMMENTS = YES;
				CLANG_WARN_EMPTY_BODY = YES;
				CLANG_WARN_ENUM_CONVERSION = YES;
				CLANG_WARN_INFINITE_RECURSION = YES;
				CLANG_WARN_INT_CONVERSION = YES;
				CLANG_WARN_NON_LITERAL_NULL_CONVERSION = YES;
				CLANG_WARN_OBJC_IMPLICIT_RETAIN_SELF = YES;
				CLANG_WARN_OBJC_LITERAL_CONVERSION = YES;
				CLANG_WARN_OBJC_ROOT_CLASS = YES_ERROR;
				CLANG_WARN_QUOTED_INCLUDE_IN_FRAMEWORK_HEADER = YES;
				CLANG_WARN_RANGE_LOOP_ANALYSIS = YES;
				CLANG_WARN_STRICT_PROTOTYPES = YES;
				CLANG_WARN_SUSPICIOUS_MOVE = YES;
				CLANG_WARN_UNGUARDED_AVAILABILITY = YES_AGGRESSIVE;
				CLANG_WARN_UNREACHABLE_CODE = YES;
				CLANG_WARN__DUPLICATE_METHOD_MATCH = YES;
				COPY_PHASE_STRIP = NO;
				DEBUG_INFORMATION_FORMAT = "dwarf-with-dsym";
				DEVELOPMENT_TEAM = B36HK8643B;
				ENABLE_NS_ASSERTIONS = NO;
				ENABLE_STRICT_OBJC_MSGSEND = YES;
				ENABLE_USER_SCRIPT_SANDBOXING = YES;
				GCC_C_LANGUAGE_STANDARD = gnu17;
				GCC_NO_COMMON_BLOCKS = YES;
				GCC_WARN_64_TO_32_BIT_CONVERSION = YES;
				GCC_WARN_ABOUT_RETURN_TYPE = YES_ERROR;
				GCC_WARN_UNDECLARED_SELECTOR = YES;
				GCC_WARN_UNINITIALIZED_AUTOS = YES_AGGRESSIVE;
				GCC_WARN_UNUSED_FUNCTION = YES;
				GCC_WARN_UNUSED_VARIABLE = YES;
				IPHONEOS_DEPLOYMENT_TARGET = 26.0;
				LOCALIZATION_PREFERS_STRING_CATALOGS = YES;
				MTL_ENABLE_DEBUG_INFO = NO;
				MTL_FAST_MATH = YES;
				SDKROOT = iphoneos;
				STRING_CATALOG_GENERATE_SYMBOLS = YES;
				SWIFT_COMPILATION_MODE = wholemodule;
				VALIDATE_PRODUCT = YES;
			};
			name = Release;
		};
		4DD34CDC2E8F0DFE00C8E63D /* Debug */ = {
			isa = XCBuildConfiguration;
			buildSettings = {
				ASSETCATALOG_COMPILER_APPICON_NAME = AppIcon;
				ASSETCATALOG_COMPILER_GLOBAL_ACCENT_COLOR_NAME = AccentColor;
				CODE_SIGN_STYLE = Automatic;
				CURRENT_PROJECT_VERSION = 1;
				DEVELOPMENT_TEAM = B36HK8643B;
				ENABLE_PREVIEWS = YES;
				GENERATE_INFOPLIST_FILE = YES;
				INFOPLIST_FILE = Campusmealsv2/Info.plist;
				INFOPLIST_KEY_LSApplicationCategoryType = "";
				INFOPLIST_KEY_NSLocationWhenInUseUsageDescription = "We need your location to find the best meals near you";
				INFOPLIST_KEY_UIApplicationSceneManifest_Generation = YES;
				INFOPLIST_KEY_UIApplicationSupportsIndirectInputEvents = YES;
				INFOPLIST_KEY_UILaunchScreen_Generation = YES;
				INFOPLIST_KEY_UISupportedInterfaceOrientations_iPad = "UIInterfaceOrientationPortrait UIInterfaceOrientationPortraitUpsideDown UIInterfaceOrientationLandscapeLeft UIInterfaceOrientationLandscapeRight";
				INFOPLIST_KEY_UISupportedInterfaceOrientations_iPhone = "UIInterfaceOrientationPortrait UIInterfaceOrientationLandscapeLeft UIInterfaceOrientationLandscapeRight";
				LD_RUNPATH_SEARCH_PATHS = (
					"$(inherited)",
					"@executable_path/Frameworks",
				);
				MARKETING_VERSION = 1.0;
				PRODUCT_BUNDLE_IDENTIFIER = sarp.Campusmealsv2;
				PRODUCT_NAME = "$(TARGET_NAME)";
				SWIFT_EMIT_LOC_STRINGS = YES;
				SWIFT_VERSION = 5.0;
				TARGETED_DEVICE_FAMILY = "1,2";
			};
			name = Debug;
		};
		4DD34CDD2E8F0DFE00C8E63D /* Release */ = {
			isa = XCBuildConfiguration;
			buildSettings = {
				ASSETCATALOG_COMPILER_APPICON_NAME = AppIcon;
				ASSETCATALOG_COMPILER_GLOBAL_ACCENT_COLOR_NAME = AccentColor;
				CODE_SIGN_STYLE = Automatic;
				CURRENT_PROJECT_VERSION = 1;
				DEVELOPMENT_TEAM = B36HK8643B;
				ENABLE_PREVIEWS = YES;
				GENERATE_INFOPLIST_FILE = YES;
				INFOPLIST_FILE = Campusmealsv2/Info.plist;
				INFOPLIST_KEY_LSApplicationCategoryType = "";
				INFOPLIST_KEY_NSLocationWhenInUseUsageDescription = "We need your location to find the best meals near you";
				INFOPLIST_KEY_UIApplicationSceneManifest_Generation = YES;
				INFOPLIST_KEY_UIApplicationSupportsIndirectInputEvents = YES;
				INFOPLIST_KEY_UILaunchScreen_Generation = YES;
				INFOPLIST_KEY_UISupportedInterfaceOrientations_iPad = "UIInterfaceOrientationPortrait UIInterfaceOrientationPortraitUpsideDown UIInterfaceOrientationLandscapeLeft UIInterfaceOrientationLandscapeRight";
				INFOPLIST_KEY_UISupportedInterfaceOrientations_iPhone = "UIInterfaceOrientationPortrait UIInterfaceOrientationLandscapeLeft UIInterfaceOrientationLandscapeRight";
				LD_RUNPATH_SEARCH_PATHS = (
					"$(inherited)",
					"@executable_path/Frameworks",
				);
				MARKETING_VERSION = 1.0;
				PRODUCT_BUNDLE_IDENTIFIER = sarp.Campusmealsv2;
				PRODUCT_NAME = "$(TARGET_NAME)";
				SWIFT_EMIT_LOC_STRINGS = YES;
				SWIFT_VERSION = 5.0;
				TARGETED_DEVICE_FAMILY = "1,2";
			};
			name = Release;
		};
/* End XCBuildConfiguration section */

/* Begin XCConfigurationList section */
		4DD34CC92E8F0DFC00C8E63D /* Build configuration list for PBXProject "Campusmealsv2" */ = {
			isa = XCConfigurationList;
			buildConfigurations = (
				4DD34CD92E8F0DFE00C8E63D /* Debug */,
				4DD34CDA2E8F0DFE00C8E63D /* Release */,
			);
			defaultConfigurationIsVisible = 0;
			defaultConfigurationName = Release;
		};
		4DD34CDB2E8F0DFE00C8E63D /* Build configuration list for PBXNativeTarget "Campusmealsv2" */ = {
			isa = XCConfigurationList;
			buildConfigurations = (
				4DD34CDC2E8F0DFE00C8E63D /* Debug */,
				4DD34CDD2E8F0DFE00C8E63D /* Release */,
			);
			defaultConfigurationIsVisible = 0;
			defaultConfigurationName = Release;
		};
/* End XCConfigurationList section */

/* Begin XCRemoteSwiftPackageReference section */
		4D0CF9B22E90695E0084BD79 /* XCRemoteSwiftPackageReference "firebase-ios-sdk" */ = {
			isa = XCRemoteSwiftPackageReference;
			repositoryURL = "https://github.com/firebase/firebase-ios-sdk";
			requirement = {
				kind = upToNextMajorVersion;
				minimumVersion = 12.3.0;
			};
		};
		4D0CF9BD2E90696E0084BD79 /* XCRemoteSwiftPackageReference "GoogleSignIn-iOS" */ = {
			isa = XCRemoteSwiftPackageReference;
			repositoryURL = "https://github.com/google/GoogleSignIn-iOS.git";
			requirement = {
				kind = upToNextMajorVersion;
				minimumVersion = 9.0.0;
			};
		};
		4D0CFA1F2E90D7680084BD79 /* XCRemoteSwiftPackageReference "generative-ai-swift" */ = {
			isa = XCRemoteSwiftPackageReference;
			repositoryURL = "https://github.com/google/generative-ai-swift";
			requirement = {
				kind = upToNextMajorVersion;
				minimumVersion = 0.5.6;
			};
		};
/* End XCRemoteSwiftPackageReference section */

/* Begin XCSwiftPackageProductDependency section */
		4D0CF9B32E90695E0084BD79 /* FirebaseAI */ = {
			isa = XCSwiftPackageProductDependency;
			package = 4D0CF9B22E90695E0084BD79 /* XCRemoteSwiftPackageReference "firebase-ios-sdk" */;
			productName = FirebaseAI;
		};
		4D0CF9B52E90695E0084BD79 /* FirebaseAnalytics */ = {
			isa = XCSwiftPackageProductDependency;
			package = 4D0CF9B22E90695E0084BD79 /* XCRemoteSwiftPackageReference "firebase-ios-sdk" */;
			productName = FirebaseAnalytics;
		};
		4D0CF9B72E90695E0084BD79 /* FirebaseAnalyticsCore */ = {
			isa = XCSwiftPackageProductDependency;
			package = 4D0CF9B22E90695E0084BD79 /* XCRemoteSwiftPackageReference "firebase-ios-sdk" */;
			productName = FirebaseAnalyticsCore;
		};
		4D0CF9B92E90695E0084BD79 /* FirebaseAnalyticsIdentitySupport */ = {
			isa = XCSwiftPackageProductDependency;
			package = 4D0CF9B22E90695E0084BD79 /* XCRemoteSwiftPackageReference "firebase-ios-sdk" */;
			productName = FirebaseAnalyticsIdentitySupport;
		};
		4D0CF9BB2E90695E0084BD79 /* FirebaseAppCheck */ = {
			isa = XCSwiftPackageProductDependency;
			package = 4D0CF9B22E90695E0084BD79 /* XCRemoteSwiftPackageReference "firebase-ios-sdk" */;
			productName = FirebaseAppCheck;
		};
		4D0CF9BE2E90696E0084BD79 /* GoogleSignIn */ = {
			isa = XCSwiftPackageProductDependency;
			package = 4D0CF9BD2E90696E0084BD79 /* XCRemoteSwiftPackageReference "GoogleSignIn-iOS" */;
			productName = GoogleSignIn;
		};
		4D0CF9C02E90696E0084BD79 /* GoogleSignInSwift */ = {
			isa = XCSwiftPackageProductDependency;
			package = 4D0CF9BD2E90696E0084BD79 /* XCRemoteSwiftPackageReference "GoogleSignIn-iOS" */;
			productName = GoogleSignInSwift;
		};
		4D0CF9C42E906C100084BD79 /* FirebaseAuth */ = {
			isa = XCSwiftPackageProductDependency;
			package = 4D0CF9B22E90695E0084BD79 /* XCRemoteSwiftPackageReference "firebase-ios-sdk" */;
			productName = FirebaseAuth;
		};
		4D0CF9D32E9071FC0084BD79 /* FirebaseFirestore */ = {
			isa = XCSwiftPackageProductDependency;
			package = 4D0CF9B22E90695E0084BD79 /* XCRemoteSwiftPackageReference "firebase-ios-sdk" */;
			productName = FirebaseFirestore;
		};
		4D0CFA202E90D7680084BD79 /* GoogleGenerativeAI */ = {
			isa = XCSwiftPackageProductDependency;
			package = 4D0CFA1F2E90D7680084BD79 /* XCRemoteSwiftPackageReference "generative-ai-swift" */;
			productName = GoogleGenerativeAI;
		};
		4D0E18A82E91EFE7007DE9B3 /* FirebaseStorage */ = {
			isa = XCSwiftPackageProductDependency;
			package = 4D0CF9B22E90695E0084BD79 /* XCRemoteSwiftPackageReference "firebase-ios-sdk" */;
			productName = FirebaseStorage;
		};
		4D0E18AA2E91EFE7007DE9B3 /* FirebaseStorageCombine-Community */ = {
			isa = XCSwiftPackageProductDependency;
			package = 4D0CF9B22E90695E0084BD79 /* XCRemoteSwiftPackageReference "firebase-ios-sdk" */;
			productName = "FirebaseStorageCombine-Community";
		};
		4D36A1522E9D61920023E6A6 /* FirebaseInAppMessaging-Beta */ = {
			isa = XCSwiftPackageProductDependency;
			package = 4D0CF9B22E90695E0084BD79 /* XCRemoteSwiftPackageReference "firebase-ios-sdk" */;
			productName = "FirebaseInAppMessaging-Beta";
		};
		4D36A1542E9D61920023E6A6 /* FirebaseMessaging */ = {
			isa = XCSwiftPackageProductDependency;
			package = 4D0CF9B22E90695E0084BD79 /* XCRemoteSwiftPackageReference "firebase-ios-sdk" */;
			productName = FirebaseMessaging;
		};
/* End XCSwiftPackageProductDependency section */
	};
	rootObject = 4DD34CC62E8F0DFC00C8E63D /* Project object */;
}
